
Microsoft Visual Studio Solution File, Format Version 12.00
# Visual Studio Version 17
VisualStudioVersion = 17.10.34928.147
MinimumVisualStudioVersion = 10.0.40219.1
Project("{FAE04EC0-301F-11D3-BF4B-00C04F79EFBC}") = "Magic8Ball", "Magic8Ball\Magic8Ball.csproj", "{478516C2-EE64-4E32-BC70-D49FF47F6237}"
EndProject
Global
	GlobalSection(SolutionConfigurationPlatforms) = preSolution
		Debug|Any CPU = Debug|Any CPU
		Release|Any CPU = Release|Any CPU
	EndGlobalSection
	GlobalSection(ProjectConfigurationPlatforms) = postSolution
		{478516C2-EE64-4E32-BC70-D49FF47F6237}.Debug|Any CPU.ActiveCfg = Debug|Any CPU
		{478516C2-EE64-4E32-BC70-D49FF47F6237}.Debug|Any CPU.Build.0 = Debug|Any CPU
		{478516C2-EE64-4E32-BC70-D49FF47F6237}.Release|Any CPU.ActiveCfg = Release|Any CPU
		{478516C2-EE64-4E32-BC70-D49FF47F6237}.Release|Any CPU.Build.0 = Release|Any CPU
	EndGlobalSection
	GlobalSection(SolutionProperties) = preSolution
		HideSolutionNode = FALSE
	EndGlobalSection
	GlobalSection(ExtensibilityGlobals) = postSolution
		SolutionGuid = {E8D4B9FD-F7DE-418C-8DC3-CF415A7C378A}
	EndGlobalSection
EndGlobal
